
Microsoft Visual Studio Solution File, Format Version 12.00
# Visual Studio Version 17
VisualStudioVersion = 17.8.34322.80
MinimumVisualStudioVersion = 10.0.40219.1
Project("{FAE04EC0-301F-11D3-BF4B-00C04F79EFBC}") = "Gestion_Livres", "Gestion_Livres\Gestion_Livres.csproj", "{2AB30EF9-7A9D-438E-A041-98298A2890DF}"
EndProject
Global
	GlobalSection(SolutionConfigurationPlatforms) = preSolution
		Debug|Any CPU = Debug|Any CPU
		Release|Any CPU = Release|Any CPU
	EndGlobalSection
	GlobalSection(ProjectConfigurationPlatforms) = postSolution
		{2AB30EF9-7A9D-438E-A041-98298A2890DF}.Debug|Any CPU.ActiveCfg = Debug|Any CPU
		{2AB30EF9-7A9D-438E-A041-98298A2890DF}.Debug|Any CPU.Build.0 = Debug|Any CPU
		{2AB30EF9-7A9D-438E-A041-98298A2890DF}.Release|Any CPU.ActiveCfg = Release|Any CPU
		{2AB30EF9-7A9D-438E-A041-98298A2890DF}.Release|Any CPU.Build.0 = Release|Any CPU
	EndGlobalSection
	GlobalSection(SolutionProperties) = preSolution
		HideSolutionNode = FALSE
	EndGlobalSection
	GlobalSection(ExtensibilityGlobals) = postSolution
		SolutionGuid = {B05CE2B8-119A-48C2-9644-E627E955F677}
	EndGlobalSection
EndGlobal
